{
  "name": "scratch_audio",
  "version": "1.0.0",
  "lockfileVersion": 3,
  "requires": true,
  "packages": {
    "": {
      "name": "scratch_audio",
      "version": "1.0.0",
      "license": "ISC",
      "dependencies": {
        "mp3-cutter": "^1.0.6"
      }
    },
    "node_modules/mp3-cutter": {
      "version": "1.0.6",
      "resolved": "https://registry.npmjs.org/mp3-cutter/-/mp3-cutter-1.0.6.tgz",
      "integrity": "sha512-5lEKhu9BFcf/9hZaiwGI5EFjL+ynwM9+IaDzxLTKgvG/JWJHLQgX65Xa/kOJgjJMNT1tuUkjpbjaiB735LFiyg==",
      "deprecated": "Package no longer supported. Contact Support at https://www.npmjs.com/support for more info.",
      "license": "MIT",
      "bin": {
        "mp3-cutter": "bin/mp3-cutter"
      }
    }
  }
}
